
Microsoft Visual Studio Solution File, Format Version 12.00
# Visual Studio Version 17
VisualStudioVersion = 17.2.32602.215
MinimumVisualStudioVersion = 10.0.40219.1
Project("{888888A0-9F3D-457C-B088-3A5042F75D52}") = "Урок №5. Логические и условные операторы", "Урок №5. Логические и условные операторы\Урок №5. Логические и условные операторы.pyproj", "{1044DA47-84C2-442A-8AE4-4A429A824509}"
EndProject
Global
	GlobalSection(SolutionConfigurationPlatforms) = preSolution
		Debug|Any CPU = Debug|Any CPU
		Release|Any CPU = Release|Any CPU
	EndGlobalSection
	GlobalSection(ProjectConfigurationPlatforms) = postSolution
		{1044DA47-84C2-442A-8AE4-4A429A824509}.Debug|Any CPU.ActiveCfg = Debug|Any CPU
		{1044DA47-84C2-442A-8AE4-4A429A824509}.Release|Any CPU.ActiveCfg = Release|Any CPU
	EndGlobalSection
	GlobalSection(SolutionProperties) = preSolution
		HideSolutionNode = FALSE
	EndGlobalSection
	GlobalSection(ExtensibilityGlobals) = postSolution
		SolutionGuid = {B8FE0B64-95A8-42F6-A3B8-4CEB7A7996A3}
	EndGlobalSection
EndGlobal
