
Microsoft Visual Studio Solution File, Format Version 12.00
# Visual Studio Version 17
VisualStudioVersion = 17.2.32602.215
MinimumVisualStudioVersion = 10.0.40219.1
Project("{888888A0-9F3D-457C-B088-3A5042F75D52}") = "Урок №13. Двумерные списки", "Урок №13. Двумерные списки\Урок №13. Двумерные списки.pyproj", "{815929B2-F147-4D68-B257-FC47E3D93321}"
EndProject
Global
	GlobalSection(SolutionConfigurationPlatforms) = preSolution
		Debug|Any CPU = Debug|Any CPU
		Release|Any CPU = Release|Any CPU
	EndGlobalSection
	GlobalSection(ProjectConfigurationPlatforms) = postSolution
		{815929B2-F147-4D68-B257-FC47E3D93321}.Debug|Any CPU.ActiveCfg = Debug|Any CPU
		{815929B2-F147-4D68-B257-FC47E3D93321}.Release|Any CPU.ActiveCfg = Release|Any CPU
	EndGlobalSection
	GlobalSection(SolutionProperties) = preSolution
		HideSolutionNode = FALSE
	EndGlobalSection
	GlobalSection(ExtensibilityGlobals) = postSolution
		SolutionGuid = {AB18B52B-7AE2-4AC9-8F87-7D67CE1731BC}
	EndGlobalSection
EndGlobal
