
Microsoft Visual Studio Solution File, Format Version 12.00
# Visual Studio Version 17
VisualStudioVersion = 17.2.32602.215
MinimumVisualStudioVersion = 10.0.40219.1
Project("{888888A0-9F3D-457C-B088-3A5042F75D52}") = "Урок №17. О-нотация", "Урок №17. О-нотация\Урок №17. О-нотация.pyproj", "{E7D093C0-671D-46B5-859A-F6B888B0BD5D}"
EndProject
Global
	GlobalSection(SolutionConfigurationPlatforms) = preSolution
		Debug|Any CPU = Debug|Any CPU
		Release|Any CPU = Release|Any CPU
	EndGlobalSection
	GlobalSection(ProjectConfigurationPlatforms) = postSolution
		{E7D093C0-671D-46B5-859A-F6B888B0BD5D}.Debug|Any CPU.ActiveCfg = Debug|Any CPU
		{E7D093C0-671D-46B5-859A-F6B888B0BD5D}.Release|Any CPU.ActiveCfg = Release|Any CPU
	EndGlobalSection
	GlobalSection(SolutionProperties) = preSolution
		HideSolutionNode = FALSE
	EndGlobalSection
	GlobalSection(ExtensibilityGlobals) = postSolution
		SolutionGuid = {4B7FA57B-A4AA-4FA3-9BFA-5A4A9279187B}
	EndGlobalSection
EndGlobal
